PODS:
  - Cartography (3.1.0)
  - Eureka (5.1.0)
  - ReactiveCocoa (8.0.0):
    - ReactiveSwift (~> 4.0)
  - ReactiveSwift (4.0.0):
    - Result (~> 4.0)
  - Result (4.0.0)
  - SDWebImage (4.4.2):
    - SDWebImage/Core (= 4.4.2)
  - SDWebImage/Core (4.4.2)

DEPENDENCIES:
  - Cartography
  - Eureka
  - ReactiveCocoa
  - ReactiveSwift
  - Result
  - SDWebImage

SPEC REPOS:
  https://github.com/cocoapods/specs.git:
    - Cartography
    - Eureka
    - ReactiveCocoa
    - ReactiveSwift
    - Result
    - SDWebImage

SPEC CHECKSUMS:
  Cartography: 1988b7578871a56c036e7af17195cb2190edf18c
  Eureka: 18a5076dcf0c41f9cd9748aa1c42f4d11434bdae
  ReactiveCocoa: 87cb64d78424d749a0bbfd9b07e4825e8d834066
  ReactiveSwift: a2bb9ace428a109e9c0209615645d9d286c8c433
  Result: 7645bb3f50c2ce726dd0ff2fa7b6f42bbe6c3713
  SDWebImage: 624d6e296c69b244bcede364c72ae0430ac14681

PODFILE CHECKSUM: 2ef210660c539a9c47f62e4adaa1c9c4d30db5a5

COCOAPODS: 1.7.5
